// !$*UTF8*$!
{
	archiveVersion = 1;
	classes = {
	};
	objectVersion = 46;
	objects = {

/* Begin PBXBuildFile section */
		7003BD2C15CF8D8B00326BCE /* GameViewController.m in Sources */ = {isa = PBXBuildFile; fileRef = 7003BD2A15CF8D8B00326BCE /* GameViewController.m */; };
		7003BD2D15CF8D8B00326BCE /* GameViewController.xib in Resources */ = {isa = PBXBuildFile; fileRef = 7003BD2B15CF8D8B00326BCE /* GameViewController.xib */; };
		7003BD3215CF8F7A00326BCE /* iphone-gameboard-bg.jpg in Resources */ = {isa = PBXBuildFile; fileRef = 7003BD3015CF8F7A00326BCE /* iphone-gameboard-bg.jpg */; };
		7003BD3315CF8F7A00326BCE /* iphone-gameboard-bg@2x.jpg in Resources */ = {isa = PBXBuildFile; fileRef = 7003BD3115CF8F7A00326BCE /* iphone-gameboard-bg@2x.jpg */; };
		7052EDA215CA3EED00C53BD2 /* UIKit.framework in Frameworks */ = {isa = PBXBuildFile; fileRef = 7052EDA115CA3EED00C53BD2 /* UIKit.framework */; };
		7052EDA415CA3EED00C53BD2 /* Foundation.framework in Frameworks */ = {isa = PBXBuildFile; fileRef = 7052EDA315CA3EED00C53BD2 /* Foundation.framework */; };
		7052EDA615CA3EED00C53BD2 /* CoreGraphics.framework in Frameworks */ = {isa = PBXBuildFile; fileRef = 7052EDA515CA3EED00C53BD2 /* CoreGraphics.framework */; };
		7052EDAC15CA3EED00C53BD2 /* InfoPlist.strings in Resources */ = {isa = PBXBuildFile; fileRef = 7052EDAA15CA3EED00C53BD2 /* InfoPlist.strings */; };
		7052EDAE15CA3EED00C53BD2 /* main.m in Sources */ = {isa = PBXBuildFile; fileRef = 7052EDAD15CA3EED00C53BD2 /* main.m */; };
		7052EDB215CA3EED00C53BD2 /* AppDelegate.m in Sources */ = {isa = PBXBuildFile; fileRef = 7052EDB115CA3EED00C53BD2 /* AppDelegate.m */; };
/* End PBXBuildFile section */

/* Begin PBXFileReference section */
		7003BD2915CF8D8B00326BCE /* GameViewController.h */ = {isa = PBXFileReference; fileEncoding = 4; lastKnownFileType = sourcecode.c.h; path = GameViewController.h; sourceTree = "<group>"; };
		7003BD2A15CF8D8B00326BCE /* GameViewController.m */ = {isa = PBXFileReference; fileEncoding = 4; lastKnownFileType = sourcecode.c.objc; path = GameViewController.m; sourceTree = "<group>"; };
		7003BD2B15CF8D8B00326BCE /* GameViewController.xib */ = {isa = PBXFileReference; fileEncoding = 4; lastKnownFileType = file.xib; path = GameViewController.xib; sourceTree = "<group>"; };
		7003BD3015CF8F7A00326BCE /* iphone-gameboard-bg.jpg */ = {isa = PBXFileReference; lastKnownFileType = image.jpeg; path = "iphone-gameboard-bg.jpg"; sourceTree = "<group>"; };
		7003BD3115CF8F7A00326BCE /* iphone-gameboard-bg@2x.jpg */ = {isa = PBXFileReference; lastKnownFileType = image.jpeg; path = "iphone-gameboard-bg@2x.jpg"; sourceTree = "<group>"; };
		7052ED9D15CA3EED00C53BD2 /* iTicTacToe.app */ = {isa = PBXFileReference; explicitFileType = wrapper.application; includeInIndex = 0; path = iTicTacToe.app; sourceTree = BUILT_PRODUCTS_DIR; };
		7052EDA115CA3EED00C53BD2 /* UIKit.framework */ = {isa = PBXFileReference; lastKnownFileType = wrapper.framework; name = UIKit.framework; path = System/Library/Frameworks/UIKit.framework; sourceTree = SDKROOT; };
		7052EDA315CA3EED00C53BD2 /* Foundation.framework */ = {isa = PBXFileReference; lastKnownFileType = wrapper.framework; name = Foundation.framework; path = System/Library/Frameworks/Foundation.framework; sourceTree = SDKROOT; };
		7052EDA515CA3EED00C53BD2 /* CoreGraphics.framework */ = {isa = PBXFileReference; lastKnownFileType = wrapper.framework; name = CoreGraphics.framework; path = System/Library/Frameworks/CoreGraphics.framework; sourceTree = SDKROOT; };
		7052EDA915CA3EED00C53BD2 /* iTicTacToe-Info.plist */ = {isa = PBXFileReference; lastKnownFileType = text.plist.xml; path = "iTicTacToe-Info.plist"; sourceTree = "<group>"; };
		7052EDAB15CA3EED00C53BD2 /* en */ = {isa = PBXFileReference; lastKnownFileType = text.plist.strings; name = en; path = en.lproj/InfoPlist.strings; sourceTree = "<group>"; };
		7052EDAD15CA3EED00C53BD2 /* main.m */ = {isa = PBXFileReference; lastKnownFileType = sourcecode.c.objc; path = main.m; sourceTree = "<group>"; };
		7052EDAF15CA3EED00C53BD2 /* iTicTacToe-Prefix.pch */ = {isa = PBXFileReference; lastKnownFileType = sourcecode.c.h; path = "iTicTacToe-Prefix.pch"; sourceTree = "<group>"; };
		7052EDB015CA3EED00C53BD2 /* AppDelegate.h */ = {isa = PBXFileReference; lastKnownFileType = sourcecode.c.h; path = AppDelegate.h; sourceTree = "<group>"; };
		7052EDB115CA3EED00C53BD2 /* AppDelegate.m */ = {isa = PBXFileReference; lastKnownFileType = sourcecode.c.objc; path = AppDelegate.m; sourceTree = "<group>"; };
/* End PBXFileReference section */

/* Begin PBXFrameworksBuildPhase section */
		7052ED9A15CA3EED00C53BD2 /* Frameworks */ = {
			isa = PBXFrameworksBuildPhase;
			buildActionMask = 2147483647;
			files = (
				7052EDA215CA3EED00C53BD2 /* UIKit.framework in Frameworks */,
				7052EDA415CA3EED00C53BD2 /* Foundation.framework in Frameworks */,
				7052EDA615CA3EED00C53BD2 /* CoreGraphics.framework in Frameworks */,
			);
			runOnlyForDeploymentPostprocessing = 0;
		};
/* End PBXFrameworksBuildPhase section */

/* Begin PBXGroup section */
		7003BD2F15CF8F7A00326BCE /* Images */ = {
			isa = PBXGroup;
			children = (
				7003BD3015CF8F7A00326BCE /* iphone-gameboard-bg.jpg */,
				7003BD3115CF8F7A00326BCE /* iphone-gameboard-bg@2x.jpg */,
			);
			path = Images;
			sourceTree = "<group>";
		};
		7052ED9215CA3EED00C53BD2 = {
			isa = PBXGroup;
			children = (
				7052EDA715CA3EED00C53BD2 /* iTicTacToe */,
				7052EDA015CA3EED00C53BD2 /* Frameworks */,
				7052ED9E15CA3EED00C53BD2 /* Products */,
			);
			sourceTree = "<group>";
		};
		7052ED9E15CA3EED00C53BD2 /* Products */ = {
			isa = PBXGroup;
			children = (
				7052ED9D15CA3EED00C53BD2 /* iTicTacToe.app */,
			);
			name = Products;
			sourceTree = "<group>";
		};
		7052EDA015CA3EED00C53BD2 /* Frameworks */ = {
			isa = PBXGroup;
			children = (
				7052EDA115CA3EED00C53BD2 /* UIKit.framework */,
				7052EDA315CA3EED00C53BD2 /* Foundation.framework */,
				7052EDA515CA3EED00C53BD2 /* CoreGraphics.framework */,
			);
			name = Frameworks;
			sourceTree = "<group>";
		};
		7052EDA715CA3EED00C53BD2 /* iTicTacToe */ = {
			isa = PBXGroup;
			children = (
				7003BD2915CF8D8B00326BCE /* GameViewController.h */,
				7003BD2A15CF8D8B00326BCE /* GameViewController.m */,
				7003BD2B15CF8D8B00326BCE /* GameViewController.xib */,
				7052EDB015CA3EED00C53BD2 /* AppDelegate.h */,
				7052EDB115CA3EED00C53BD2 /* AppDelegate.m */,
				7003BD2F15CF8F7A00326BCE /* Images */,
				7052EDA815CA3EED00C53BD2 /* Supporting Files */,
			);
			path = iTicTacToe;
			sourceTree = "<group>";
		};
		7052EDA815CA3EED00C53BD2 /* Supporting Files */ = {
			isa = PBXGroup;
			children = (
				7052EDA915CA3EED00C53BD2 /* iTicTacToe-Info.plist */,
				7052EDAA15CA3EED00C53BD2 /* InfoPlist.strings */,
				7052EDAD15CA3EED00C53BD2 /* main.m */,
				7052EDAF15CA3EED00C53BD2 /* iTicTacToe-Prefix.pch */,
			);
			name = "Supporting Files";
			sourceTree = "<group>";
		};
/* End PBXGroup section */

/* Begin PBXNativeTarget section */
		7052ED9C15CA3EED00C53BD2 /* iTicTacToe */ = {
			isa = PBXNativeTarget;
			buildConfigurationList = 7052EDB515CA3EED00C53BD2 /* Build configuration list for PBXNativeTarget "iTicTacToe" */;
			buildPhases = (
				7052ED9915CA3EED00C53BD2 /* Sources */,
				7052ED9A15CA3EED00C53BD2 /* Frameworks */,
				7052ED9B15CA3EED00C53BD2 /* Resources */,
			);
			buildRules = (
			);
			dependencies = (
			);
			name = iTicTacToe;
			productName = iTicTacToe;
			productReference = 7052ED9D15CA3EED00C53BD2 /* iTicTacToe.app */;
			productType = "com.apple.product-type.application";
		};
/* End PBXNativeTarget section */

/* Begin PBXProject section */
		7052ED9415CA3EED00C53BD2 /* Project object */ = {
			isa = PBXProject;
			attributes = {
				LastUpgradeCheck = 0430;
			};
			buildConfigurationList = 7052ED9715CA3EED00C53BD2 /* Build configuration list for PBXProject "iTicTacToe" */;
			compatibilityVersion = "Xcode 3.2";
			developmentRegion = English;
			hasScannedForEncodings = 0;
			knownRegions = (
				en,
			);
			mainGroup = 7052ED9215CA3EED00C53BD2;
			productRefGroup = 7052ED9E15CA3EED00C53BD2 /* Products */;
			projectDirPath = "";
			projectRoot = "";
			targets = (
				7052ED9C15CA3EED00C53BD2 /* iTicTacToe */,
			);
		};
/* End PBXProject section */

/* Begin PBXResourcesBuildPhase section */
		7052ED9B15CA3EED00C53BD2 /* Resources */ = {
			isa = PBXResourcesBuildPhase;
			buildActionMask = 2147483647;
			files = (
				7052EDAC15CA3EED00C53BD2 /* InfoPlist.strings in Resources */,
				7003BD2D15CF8D8B00326BCE /* GameViewController.xib in Resources */,
				7003BD3215CF8F7A00326BCE /* iphone-gameboard-bg.jpg in Resources */,
				7003BD3315CF8F7A00326BCE /* iphone-gameboard-bg@2x.jpg in Resources */,
			);
			runOnlyForDeploymentPostprocessing = 0;
		};
/* End PBXResourcesBuildPhase section */

/* Begin PBXSourcesBuildPhase section */
		7052ED9915CA3EED00C53BD2 /* Sources */ = {
			isa = PBXSourcesBuildPhase;
			buildActionMask = 2147483647;
			files = (
				7052EDAE15CA3EED00C53BD2 /* main.m in Sources */,
				7052EDB215CA3EED00C53BD2 /* AppDelegate.m in Sources */,
				7003BD2C15CF8D8B00326BCE /* GameViewController.m in Sources */,
			);
			runOnlyForDeploymentPostprocessing = 0;
		};
/* End PBXSourcesBuildPhase section */

/* Begin PBXVariantGroup section */
		7052EDAA15CA3EED00C53BD2 /* InfoPlist.strings */ = {
			isa = PBXVariantGroup;
			children = (
				7052EDAB15CA3EED00C53BD2 /* en */,
			);
			name = InfoPlist.strings;
			sourceTree = "<group>";
		};
/* End PBXVariantGroup section */

/* Begin XCBuildConfiguration section */
		7052EDB315CA3EED00C53BD2 /* Debug */ = {
			isa = XCBuildConfiguration;
			buildSettings = {
				ALWAYS_SEARCH_USER_PATHS = NO;
				ARCHS = "$(ARCHS_STANDARD_32_BIT)";
				"CODE_SIGN_IDENTITY[sdk=iphoneos*]" = "iPhone Developer";
				COPY_PHASE_STRIP = NO;
				GCC_C_LANGUAGE_STANDARD = gnu99;
				GCC_DYNAMIC_NO_PIC = NO;
				GCC_OPTIMIZATION_LEVEL = 0;
				GCC_PREPROCESSOR_DEFINITIONS = (
					"DEBUG=1",
					"$(inherited)",
				);
				GCC_SYMBOLS_PRIVATE_EXTERN = NO;
				GCC_VERSION = com.apple.compilers.llvm.clang.1_0;
				GCC_WARN_ABOUT_RETURN_TYPE = YES;
				GCC_WARN_UNINITIALIZED_AUTOS = YES;
				GCC_WARN_UNUSED_VARIABLE = YES;
				IPHONEOS_DEPLOYMENT_TARGET = 5.1;
				SDKROOT = iphoneos;
			};
			name = Debug;
		};
		7052EDB415CA3EED00C53BD2 /* Release */ = {
			isa = XCBuildConfiguration;
			buildSettings = {
				ALWAYS_SEARCH_USER_PATHS = NO;
				ARCHS = "$(ARCHS_STANDARD_32_BIT)";
				"CODE_SIGN_IDENTITY[sdk=iphoneos*]" = "iPhone Developer";
				COPY_PHASE_STRIP = YES;
				GCC_C_LANGUAGE_STANDARD = gnu99;
				GCC_VERSION = com.apple.compilers.llvm.clang.1_0;
				GCC_WARN_ABOUT_RETURN_TYPE = YES;
				GCC_WARN_UNINITIALIZED_AUTOS = YES;
				GCC_WARN_UNUSED_VARIABLE = YES;
				IPHONEOS_DEPLOYMENT_TARGET = 5.1;
				OTHER_CFLAGS = "-DNS_BLOCK_ASSERTIONS=1";
				SDKROOT = iphoneos;
				VALIDATE_PRODUCT = YES;
			};
			name = Release;
		};
		7052EDB615CA3EED00C53BD2 /* Debug */ = {
			isa = XCBuildConfiguration;
			buildSettings = {
				GCC_PRECOMPILE_PREFIX_HEADER = YES;
				GCC_PREFIX_HEADER = "iTicTacToe/iTicTacToe-Prefix.pch";
				INFOPLIST_FILE = "iTicTacToe/iTicTacToe-Info.plist";
				PRODUCT_NAME = "$(TARGET_NAME)";
				WRAPPER_EXTENSION = app;
			};
			name = Debug;
		};
		7052EDB715CA3EED00C53BD2 /* Release */ = {
			isa = XCBuildConfiguration;
			buildSettings = {
				GCC_PRECOMPILE_PREFIX_HEADER = YES;
				GCC_PREFIX_HEADER = "iTicTacToe/iTicTacToe-Prefix.pch";
				INFOPLIST_FILE = "iTicTacToe/iTicTacToe-Info.plist";
				PRODUCT_NAME = "$(TARGET_NAME)";
				WRAPPER_EXTENSION = app;
			};
			name = Release;
		};
/* End XCBuildConfiguration section */

/* Begin XCConfigurationList section */
		7052ED9715CA3EED00C53BD2 /* Build configuration list for PBXProject "iTicTacToe" */ = {
			isa = XCConfigurationList;
			buildConfigurations = (
				7052EDB315CA3EED00C53BD2 /* Debug */,
				7052EDB415CA3EED00C53BD2 /* Release */,
			);
			defaultConfigurationIsVisible = 0;
			defaultConfigurationName = Release;
		};
		7052EDB515CA3EED00C53BD2 /* Build configuration list for PBXNativeTarget "iTicTacToe" */ = {
			isa = XCConfigurationList;
			buildConfigurations = (
				7052EDB615CA3EED00C53BD2 /* Debug */,
				7052EDB715CA3EED00C53BD2 /* Release */,
			);
			defaultConfigurationIsVisible = 0;
			defaultConfigurationName = Release;
		};
/* End XCConfigurationList section */
	};
	rootObject = 7052ED9415CA3EED00C53BD2 /* Project object */;
}
